dependencies:
  espressif/esp_websocket_client:
    component_hash: 8280960def8af4f84bc58d2d76f55357cd1387775cbc2e0a6b3ca229aa7e209e
    dependencies:
    - name: idf
      require: private
      version: '>=5.0'
    source:
      registry_url: https://components.espressif.com/
      type: service
    version: 1.3.0
  idf:
    source:
      type: idf
    version: 5.4.0
  zorxx/neopixel:
    component_hash: eb2457ac2b7fca04be1834cf3af7a901f72969918a30ce68a1c1b0c160306201
    dependencies: []
    source:
      registry_url: https://components.espressif.com/
      type: service
    version: 1.0.10
direct_dependencies:
- espressif/esp_websocket_client
- idf
- zorxx/neopixel
manifest_hash: e250eb4f137a7c2554f5bc9328172fe722d2818559531dc83010c6bdf6feaf49
target: esp32
version: 2.0.0
